dependencies:
  RadioLib:
    component_hash: null
    source:
      path: /home/artem/RAE/Ricardo-PickleRick/Firmware/components/librrp/lib/RadioLib
      type: local
    version: 7.1.2
  chmorgan/esp-libhelix-mp3:
    component_hash: cbb76089dc2c5749f7b470e2e70aedc44c9da519e04eb9a67d4c7ec275229e53
    source:
      service_url: https://api.components.espressif.com/
      type: service
    version: 1.0.3
  espressif/cbor:
    component_hash: 440f4ee4504841cc9b4f3a8ef755776a612ac9dace355514c68b999868f990ff
    source:
      service_url: https://api.components.espressif.com/
      type: service
    version: 0.6.0~1
  espressif/esp-dsp:
    component_hash: 3e7bbd487f1357a1d4944d0c85966d049501ea281b8a4c7f93f7cfedd5b7f23d
    source:
      service_url: https://api.components.espressif.com/
      type: service
    version: 1.4.12
  espressif/esp-modbus:
    component_hash: 5d5e90b9e55721a8a194b301ad8102d4affb647f47b74cd413ff7d1ce2c1169c
    source:
      service_url: https://api.components.espressif.com/
      type: service
    version: 1.0.18
  espressif/esp-serial-flasher:
    component_hash: dcc42a16712a1a636509cf0bf90e14032d7f2141784b533613b267b6aa318d52
    source:
      service_url: https://api.components.espressif.com/
      type: service
    version: 0.0.11
  espressif/esp-sr:
    component_hash: 9b41fd5ae5960c393bfd3559cd6e5fa2a95c0bf833915cebafe57fb8c4e4c396
    source:
      service_url: https://api.components.espressif.com/
      type: service
    version: 1.9.5
  espressif/esp-zboss-lib:
    component_hash: fad683f7e04366398b61c0eea6e6517d4fe7ec4112407e26743dc80bafc0dcdc
    source:
      service_url: https://api.components.espressif.com/
      type: service
    version: 1.6.0
  espressif/esp-zigbee-lib:
    component_hash: 0026979f590d7f2b07f433bb0fd031a12b0c2cc0eec8584b59cb6e567d5afd82
    source:
      service_url: https://api.components.espressif.com/
      type: service
    version: 1.6.0
  espressif/esp_diag_data_store:
    component_hash: 8849195251dbb8a2d7268335277cfa310cef36e4ac1e90cd59ad3be4269a30d7
    source:
      service_url: https://api.components.espressif.com/
      type: service
    version: 1.0.1
  espressif/esp_diagnostics:
    component_hash: fe19f5ee7f0145f406d36a4d5310e4ae0c6ee1afa47f2681ada8a2ea8582d390
    source:
      service_url: https://api.components.espressif.com/
      type: service
    version: 1.0.2
  espressif/esp_insights:
    component_hash: 2472a19de98a8b991baeeac7209765b70ce14ec2b1435dbed3abd020dd0f7227
    source:
      service_url: https://api.components.espressif.com/
      type: service
    version: 1.0.1
  espressif/esp_modem:
    component_hash: b541c3f5765d3ba062c0d004b9ca6da6d0af908293421c2dbe046c537fb2a011
    source:
      service_url: https://api.components.espressif.com/
      type: service
    version: 1.4.0
  espressif/esp_rainmaker:
    component_hash: f89a4759347f3909417fb33059452f36c86befae9d10bda78b5417b7a5d19d11
    source:
      service_url: https://api.components.espressif.com/
      type: service
    version: 1.5.0
  espressif/esp_rcp_update:
    component_hash: c10afbd54a17f27eed880e61262b161656e6d36ad63376c307f9273e99d0abcd
    source:
      service_url: https://api.components.espressif.com/
      type: service
    version: 1.2.0
  espressif/esp_schedule:
    component_hash: e202a9c688f7f1ab601efb91d682e4bcfaebc508dcceee1a1e0a0d2d1ca75a26
    source:
      service_url: https://api.components.espressif.com/
      type: service
    version: 1.2.0
  espressif/esp_secure_cert_mgr:
    component_hash: 5d9175b416f751ba6a7cb35bdf092f0af85658ce06c4a592c7c541d8017ebeb9
    source:
      service_url: https://api.components.espressif.com/
      type: service
    version: 2.5.0
  espressif/jsmn:
    component_hash: d80350c41bbaa827c98a25b6072df00884e72f54885996fab4a4f0aebce6b6c3
    source:
      service_url: https://api.components.espressif.com/
      type: service
    version: 1.1.0
  espressif/json_generator:
    component_hash: 45033e1c199b13f1c8c1b544fb7d4e2df6a8e3071ebdcb1b22582b61a7974ff2
    source:
      service_url: https://api.components.espressif.com/
      type: service
    version: 1.1.2
  espressif/json_parser:
    component_hash: d74b81729ad06ec11ff5eb5b1b0d7df1d00e6027fc11471f4b139c70dcf1b1e4
    source:
      service_url: https://api.components.espressif.com/
      type: service
    version: 1.0.3
  espressif/libsodium:
    component_hash: 25b968723c584a2742ca36cebe5a7ef049c6767e059f7b1e1eec69946019025d
    source:
      service_url: https://api.components.espressif.com/
      type: service
    version: 1.0.20~2
  espressif/mdns:
    component_hash: 3ec0af5f6bce310512e90f482388d21cc7c0e99668172d2f895356165fc6f7c5
    source:
      service_url: https://api.components.espressif.com/
      type: service
    version: 1.8.2
  espressif/network_provisioning:
    component_hash: ef2e10182fd1861e68b821491916327c25416ca7ae70e5a6e43313dbc71fe993
    source:
      service_url: https://api.components.espressif.com/
      type: service
    version: 1.0.2
  espressif/qrcode:
    component_hash: 3b493771bc5d6ad30cbf87c25bf784aada8a08c941504355b55d6b75518ed7bc
    source:
      service_url: https://api.components.espressif.com/
      type: service
    version: 0.1.0~2
  espressif/rmaker_common:
    component_hash: a3a1df881278d0351fc850b77792fe8a196ddd6dcacbea203d606329cc6a0239
    source:
      service_url: https://api.components.espressif.com/
      type: service
    version: 1.4.6
  idf:
    component_hash: null
    source:
      type: idf
    version: 5.3.1
  joltwallet/littlefs:
    component_hash: e1dbe782be5aa58e879fe9f22bee60e5ff68acbfe3793d92a2e730c27374c787
    source:
      service_url: https://api.components.espressif.com/
      type: service
    version: 1.19.2
manifest_hash: c25e667eb28d8a81b7161a925db7223062fbe4073f7dcf09c478d9d4ec1d84d2
target: esp32s3
version: 1.0.0
