dependencies:
  chmorgan/esp-libhelix-mp3:
    component_hash: cbb76089dc2c5749f7b470e2e70aedc44c9da519e04eb9a67d4c7ec275229e53
    source:
      service_url: https://api.components.espressif.com/
      type: service
    version: 1.0.3
  espressif/cbor:
    component_hash: 440f4ee4504841cc9b4f3a8ef755776a612ac9dace355514c68b999868f990ff
    source:
      service_url: https://api.components.espressif.com/
      type: service
    version: 0.6.0~1
  espressif/esp-dsp:
    component_hash: 3e7bbd487f1357a1d4944d0c85966d049501ea281b8a4c7f93f7cfedd5b7f23d
    source:
      service_url: https://api.components.espressif.com/
      type: service
    version: 1.4.12
  espressif/esp-modbus:
    component_hash: 5d5e90b9e55721a8a194b301ad8102d4affb647f47b74cd413ff7d1ce2c1169c
    source:
      service_url: https://api.components.espressif.com/
      type: service
    version: 1.0.18
  espressif/esp-serial-flasher:
    component_hash: dcc42a16712a1a636509cf0bf90e14032d7f2141784b533613b267b6aa318d52
    source:
      service_url: https://api.components.espressif.com/
      type: service
    version: 0.0.11
  espressif/esp-zboss-lib:
    component_hash: fad683f7e04366398b61c0eea6e6517d4fe7ec4112407e26743dc80bafc0dcdc
    source:
      service_url: https://api.components.espressif.com/
      type: service
    version: 1.6.0
  espressif/esp-zigbee-lib:
    component_hash: 0026979f590d7f2b07f433bb0fd031a12b0c2cc0eec8584b59cb6e567d5afd82
    source:
      service_url: https://api.components.espressif.com/
      type: service
    version: 1.6.0
  espressif/esp_diag_data_store:
    component_hash: 8849195251dbb8a2d7268335277cfa310cef36e4ac1e90cd59ad3be4269a30d7
    source:
      service_url: https://api.components.espressif.com/
      type: service
    version: 1.0.1
  espressif/esp_diagnostics:
    component_hash: fe19f5ee7f0145f406d36a4d5310e4ae0c6ee1afa47f2681ada8a2ea8582d390
    source:
      service_url: https://api.components.espressif.com/
      type: service
    version: 1.0.2
  espressif/esp_insights:
    component_hash: 2472a19de98a8b991baeeac7209765b70ce14ec2b1435dbed3abd020dd0f7227
    source:
      service_url: https://api.components.espressif.com/
      type: service
    version: 1.0.1
  espressif/esp_modem:
    component_hash: 40af7f39c6c8c0c85c98014721fca8d9d2186f18f70645c66b94548192cf1e03
    source:
      service_url: https://api.components.espressif.com/
      type: service
    version: 1.4.2
  espressif/esp_rainmaker:
    component_hash: f89a4759347f3909417fb33059452f36c86befae9d10bda78b5417b7a5d19d11
    source:
      service_url: https://api.components.espressif.com/
      type: service
    version: 1.5.0
  espressif/esp_rcp_update:
    component_hash: c10afbd54a17f27eed880e61262b161656e6d36ad63376c307f9273e99d0abcd
    source:
      service_url: https://api.components.espressif.com/
      type: service
    version: 1.2.0
  espressif/esp_schedule:
    component_hash: e202a9c688f7f1ab601efb91d682e4bcfaebc508dcceee1a1e0a0d2d1ca75a26
    source:
      service_url: https://api.components.espressif.com/
      type: service
    version: 1.2.0
  espressif/esp_secure_cert_mgr:
    component_hash: 40a986c1f45d91eb6d339ca51dcab90c4ecce2a6622c268edaaa05887852d464
    source:
      service_url: https://api.components.espressif.com/
      type: service
    version: 2.9.2
  espressif/jsmn:
    component_hash: d80350c41bbaa827c98a25b6072df00884e72f54885996fab4a4f0aebce6b6c3
    source:
      service_url: https://api.components.espressif.com/
      type: service
    version: 1.1.0
  espressif/json_generator:
    component_hash: 45033e1c199b13f1c8c1b544fb7d4e2df6a8e3071ebdcb1b22582b61a7974ff2
    source:
      service_url: https://api.components.espressif.com/
      type: service
    version: 1.1.2
  espressif/json_parser:
    component_hash: d74b81729ad06ec11ff5eb5b1b0d7df1d00e6027fc11471f4b139c70dcf1b1e4
    source:
      service_url: https://api.components.espressif.com/
      type: service
    version: 1.0.3
  espressif/libsodium:
    component_hash: 39c9dc77d81804d54a539c8f076faed165152be7720ddd0e721acb9daf4aa5af
    source:
      service_url: https://api.components.espressif.com/
      type: service
    version: 1.0.22
  espressif/mdns:
    component_hash: 8bcf12e37c58c1d584aef32a02b92548124c7a3a9fcf548d3235c844a035e0f0
    source:
      service_url: https://api.components.espressif.com/
      type: service
    version: 1.11.1
  espressif/network_provisioning:
    component_hash: ef2e10182fd1861e68b821491916327c25416ca7ae70e5a6e43313dbc71fe993
    source:
      service_url: https://api.components.espressif.com/
      type: service
    version: 1.0.2
  espressif/qrcode:
    component_hash: 3b493771bc5d6ad30cbf87c25bf784aada8a08c941504355b55d6b75518ed7bc
    source:
      service_url: https://api.components.espressif.com/
      type: service
    version: 0.1.0~2
  espressif/rmaker_common:
    component_hash: a3a1df881278d0351fc850b77792fe8a196ddd6dcacbea203d606329cc6a0239
    source:
      service_url: https://api.components.espressif.com/
      type: service
    version: 1.4.6
  idf:
    component_hash: null
    source:
      type: idf
    version: 5.3.1
  joltwallet/littlefs:
    component_hash: 29eff7921c4e8bce021aeb7fff2723bfcafed661756de700646ea0f6223c2a32
    source:
      service_url: https://api.components.espressif.com/
      type: service
    version: 1.21.1
manifest_hash: 7bab26a6d12b0ebb1109a25e7bbf88ca4c51c4b909e057cbf59c3da5b12add8b
target: esp32s3
version: 1.0.0
